// !$*UTF8*$!
{
	archiveVersion = 1;
	classes = {
	};
	objectVersion = 46;
	objects = {

/* Begin PBXBuildFile section */
		55F8C8D01CE2D4A8009D18D6 /* main.m in Sources */ = {isa = PBXBuildFile; fileRef = 55F8C8CF1CE2D4A8009D18D6 /* main.m */; };
		55F8C8D31CE2D4A8009D18D6 /* AppDelegate.m in Sources */ = {isa = PBXBuildFile; fileRef = 55F8C8D21CE2D4A8009D18D6 /* AppDelegate.m */; };
		55F8C8D61CE2D4A8009D18D6 /* ViewController.m in Sources */ = {isa = PBXBuildFile; fileRef = 55F8C8D51CE2D4A8009D18D6 /* ViewController.m */; };
		55F8C8D91CE2D4A8009D18D6 /* Main.storyboard in Resources */ = {isa = PBXBuildFile; fileRef = 55F8C8D71CE2D4A8009D18D6 /* Main.storyboard */; };
		55F8C8DB1CE2D4A8009D18D6 /* Assets.xcassets in Resources */ = {isa = PBXBuildFile; fileRef = 55F8C8DA1CE2D4A8009D18D6 /* Assets.xcassets */; };
		55F8C8DE1CE2D4A8009D18D6 /* LaunchScreen.storyboard in Resources */ = {isa = PBXBuildFile; fileRef = 55F8C8DC1CE2D4A8009D18D6 /* LaunchScreen.storyboard */; };
		55F8C8EA1CE2D571009D18D6 /* CalabashBtn.m in Sources */ = {isa = PBXBuildFile; fileRef = 55F8C8E71CE2D571009D18D6 /* CalabashBtn.m */; };
		55F8C8EB1CE2D571009D18D6 /* CalabashView.m in Sources */ = {isa = PBXBuildFile; fileRef = 55F8C8E91CE2D571009D18D6 /* CalabashView.m */; };
		B2DCF419A5AC998E22D245A8 /* libPods.a in Frameworks */ = {isa = PBXBuildFile; fileRef = DDC942109B5CAD21E2415D3B /* libPods.a */; };
/* End PBXBuildFile section */

/* Begin PBXFileReference section */
		55F8C8CB1CE2D4A8009D18D6 /* CalabashView.app */ = {isa = PBXFileReference; explicitFileType = wrapper.application; includeInIndex = 0; path = CalabashView.app; sourceTree = BUILT_PRODUCTS_DIR; };
		55F8C8CF1CE2D4A8009D18D6 /* main.m */ = {isa = PBXFileReference; lastKnownFileType = sourcecode.c.objc; path = main.m; sourceTree = "<group>"; };
		55F8C8D11CE2D4A8009D18D6 /* AppDelegate.h */ = {isa = PBXFileReference; lastKnownFileType = sourcecode.c.h; path = AppDelegate.h; sourceTree = "<group>"; };
		55F8C8D21CE2D4A8009D18D6 /* AppDelegate.m */ = {isa = PBXFileReference; lastKnownFileType = sourcecode.c.objc; path = AppDelegate.m; sourceTree = "<group>"; };
		55F8C8D41CE2D4A8009D18D6 /* ViewController.h */ = {isa = PBXFileReference; lastKnownFileType = sourcecode.c.h; path = ViewController.h; sourceTree = "<group>"; };
		55F8C8D51CE2D4A8009D18D6 /* ViewController.m */ = {isa = PBXFileReference; lastKnownFileType = sourcecode.c.objc; path = ViewController.m; sourceTree = "<group>"; };
		55F8C8D81CE2D4A8009D18D6 /* Base */ = {isa = PBXFileReference; lastKnownFileType = file.storyboard; name = Base; path = Base.lproj/Main.storyboard; sourceTree = "<group>"; };
		55F8C8DA1CE2D4A8009D18D6 /* Assets.xcassets */ = {isa = PBXFileReference; lastKnownFileType = folder.assetcatalog; path = Assets.xcassets; sourceTree = "<group>"; };
		55F8C8DD1CE2D4A8009D18D6 /* Base */ = {isa = PBXFileReference; lastKnownFileType = file.storyboard; name = Base; path = Base.lproj/LaunchScreen.storyboard; sourceTree = "<group>"; };
		55F8C8DF1CE2D4A8009D18D6 /* Info.plist */ = {isa = PBXFileReference; lastKnownFileType = text.plist.xml; path = Info.plist; sourceTree = "<group>"; };
		55F8C8E61CE2D571009D18D6 /* CalabashBtn.h */ = {isa = PBXFileReference; fileEncoding = 4; lastKnownFileType = sourcecode.c.h; path = CalabashBtn.h; sourceTree = "<group>"; };
		55F8C8E71CE2D571009D18D6 /* CalabashBtn.m */ = {isa = PBXFileReference; fileEncoding = 4; lastKnownFileType = sourcecode.c.objc; path = CalabashBtn.m; sourceTree = "<group>"; };
		55F8C8E81CE2D571009D18D6 /* CalabashView.h */ = {isa = PBXFileReference; fileEncoding = 4; lastKnownFileType = sourcecode.c.h; path = CalabashView.h; sourceTree = "<group>"; };
		55F8C8E91CE2D571009D18D6 /* CalabashView.m */ = {isa = PBXFileReference; fileEncoding = 4; lastKnownFileType = sourcecode.c.objc; path = CalabashView.m; sourceTree = "<group>"; };
		C1CF04B46DC1CB88F490309D /* Pods.release.xcconfig */ = {isa = PBXFileReference; includeInIndex = 1; lastKnownFileType = text.xcconfig; name = Pods.release.xcconfig; path = "Pods/Target Support Files/Pods/Pods.release.xcconfig"; sourceTree = "<group>"; };
		D90D20651F6B423DD58F9C5B /* Pods.debug.xcconfig */ = {isa = PBXFileReference; includeInIndex = 1; lastKnownFileType = text.xcconfig; name = Pods.debug.xcconfig; path = "Pods/Target Support Files/Pods/Pods.debug.xcconfig"; sourceTree = "<group>"; };
		DDC942109B5CAD21E2415D3B /* libPods.a */ = {isa = PBXFileReference; explicitFileType = archive.ar; includeInIndex = 0; path = libPods.a; sourceTree = BUILT_PRODUCTS_DIR; };
/* End PBXFileReference section */

/* Begin PBXFrameworksBuildPhase section */
		55F8C8C81CE2D4A8009D18D6 /* Frameworks */ = {
			isa = PBXFrameworksBuildPhase;
			buildActionMask = 2147483647;
			files = (
				B2DCF419A5AC998E22D245A8 /* libPods.a in Frameworks */,
			);
			runOnlyForDeploymentPostprocessing = 0;
		};
/* End PBXFrameworksBuildPhase section */

/* Begin PBXGroup section */
		2D69DF8FE7EEB0C7CE33FA78 /* Frameworks */ = {
			isa = PBXGroup;
			children = (
				DDC942109B5CAD21E2415D3B /* libPods.a */,
			);
			name = Frameworks;
			sourceTree = "<group>";
		};
		55F8C8C21CE2D4A8009D18D6 = {
			isa = PBXGroup;
			children = (
				55F8C8CD1CE2D4A8009D18D6 /* CalabashView */,
				55F8C8CC1CE2D4A8009D18D6 /* Products */,
				C9539D5C0CF7BBE9D09E7432 /* Pods */,
				2D69DF8FE7EEB0C7CE33FA78 /* Frameworks */,
			);
			sourceTree = "<group>";
		};
		55F8C8CC1CE2D4A8009D18D6 /* Products */ = {
			isa = PBXGroup;
			children = (
				55F8C8CB1CE2D4A8009D18D6 /* CalabashView.app */,
			);
			name = Products;
			sourceTree = "<group>";
		};
		55F8C8CD1CE2D4A8009D18D6 /* CalabashView */ = {
			isa = PBXGroup;
			children = (
				55F8C8E51CE2D562009D18D6 /* CalaBashView */,
				55F8C8D11CE2D4A8009D18D6 /* AppDelegate.h */,
				55F8C8D21CE2D4A8009D18D6 /* AppDelegate.m */,
				55F8C8D41CE2D4A8009D18D6 /* ViewController.h */,
				55F8C8D51CE2D4A8009D18D6 /* ViewController.m */,
				55F8C8D71CE2D4A8009D18D6 /* Main.storyboard */,
				55F8C8DA1CE2D4A8009D18D6 /* Assets.xcassets */,
				55F8C8DC1CE2D4A8009D18D6 /* LaunchScreen.storyboard */,
				55F8C8DF1CE2D4A8009D18D6 /* Info.plist */,
				55F8C8CE1CE2D4A8009D18D6 /* Supporting Files */,
			);
			path = CalabashView;
			sourceTree = "<group>";
		};
		55F8C8CE1CE2D4A8009D18D6 /* Supporting Files */ = {
			isa = PBXGroup;
			children = (
				55F8C8CF1CE2D4A8009D18D6 /* main.m */,
			);
			name = "Supporting Files";
			sourceTree = "<group>";
		};
		55F8C8E51CE2D562009D18D6 /* CalaBashView */ = {
			isa = PBXGroup;
			children = (
				55F8C8E61CE2D571009D18D6 /* CalabashBtn.h */,
				55F8C8E71CE2D571009D18D6 /* CalabashBtn.m */,
				55F8C8E81CE2D571009D18D6 /* CalabashView.h */,
				55F8C8E91CE2D571009D18D6 /* CalabashView.m */,
			);
			path = CalaBashView;
			sourceTree = "<group>";
		};
		C9539D5C0CF7BBE9D09E7432 /* Pods */ = {
			isa = PBXGroup;
			children = (
				D90D20651F6B423DD58F9C5B /* Pods.debug.xcconfig */,
				C1CF04B46DC1CB88F490309D /* Pods.release.xcconfig */,
			);
			name = Pods;
			sourceTree = "<group>";
		};
/* End PBXGroup section */

/* Begin PBXNativeTarget section */
		55F8C8CA1CE2D4A8009D18D6 /* CalabashView */ = {
			isa = PBXNativeTarget;
			buildConfigurationList = 55F8C8E21CE2D4A8009D18D6 /* Build configuration list for PBXNativeTarget "CalabashView" */;
			buildPhases = (
				E7F125597B945E6A446B9EF6 /* Check Pods Manifest.lock */,
				55F8C8C71CE2D4A8009D18D6 /* Sources */,
				55F8C8C81CE2D4A8009D18D6 /* Frameworks */,
				55F8C8C91CE2D4A8009D18D6 /* Resources */,
				363A58401C4FBE0F2C9AD108 /* Embed Pods Frameworks */,
				FE2DC7973EBB54765DCEC2D0 /* Copy Pods Resources */,
			);
			buildRules = (
			);
			dependencies = (
			);
			name = CalabashView;
			productName = CalabashView;
			productReference = 55F8C8CB1CE2D4A8009D18D6 /* CalabashView.app */;
			productType = "com.apple.product-type.application";
		};
/* End PBXNativeTarget section */

/* Begin PBXProject section */
		55F8C8C31CE2D4A8009D18D6 /* Project object */ = {
			isa = PBXProject;
			attributes = {
				LastUpgradeCheck = 0720;
				ORGANIZATIONNAME = forlink;
				TargetAttributes = {
					55F8C8CA1CE2D4A8009D18D6 = {
						CreatedOnToolsVersion = 7.2;
						DevelopmentTeam = YM7L2SK98F;
					};
				};
			};
			buildConfigurationList = 55F8C8C61CE2D4A8009D18D6 /* Build configuration list for PBXProject "CalabashView" */;
			compatibilityVersion = "Xcode 3.2";
			developmentRegion = English;
			hasScannedForEncodings = 0;
			knownRegions = (
				en,
				Base,
			);
			mainGroup = 55F8C8C21CE2D4A8009D18D6;
			productRefGroup = 55F8C8CC1CE2D4A8009D18D6 /* Products */;
			projectDirPath = "";
			projectRoot = "";
			targets = (
				55F8C8CA1CE2D4A8009D18D6 /* CalabashView */,
			);
		};
/* End PBXProject section */

/* Begin PBXResourcesBuildPhase section */
		55F8C8C91CE2D4A8009D18D6 /* Resources */ = {
			isa = PBXResourcesBuildPhase;
			buildActionMask = 2147483647;
			files = (
				55F8C8DE1CE2D4A8009D18D6 /* LaunchScreen.storyboard in Resources */,
				55F8C8DB1CE2D4A8009D18D6 /* Assets.xcassets in Resources */,
				55F8C8D91CE2D4A8009D18D6 /* Main.storyboard in Resources */,
			);
			runOnlyForDeploymentPostprocessing = 0;
		};
/* End PBXResourcesBuildPhase section */

/* Begin PBXShellScriptBuildPhase section */
		363A58401C4FBE0F2C9AD108 /* Embed Pods Frameworks */ = {
			isa = PBXShellScriptBuildPhase;
			buildActionMask = 2147483647;
			files = (
			);
			inputPaths = (
			);
			name = "Embed Pods Frameworks";
			outputPaths = (
			);
			runOnlyForDeploymentPostprocessing = 0;
			shellPath = /bin/sh;
			shellScript = "\"${SRCROOT}/Pods/Target Support Files/Pods/Pods-frameworks.sh\"\n";
			showEnvVarsInLog = 0;
		};
		E7F125597B945E6A446B9EF6 /* Check Pods Manifest.lock */ = {
			isa = PBXShellScriptBuildPhase;
			buildActionMask = 2147483647;
			files = (
			);
			inputPaths = (
			);
			name = "Check Pods Manifest.lock";
			outputPaths = (
			);
			runOnlyForDeploymentPostprocessing = 0;
			shellPath = /bin/sh;
			shellScript = "diff \"${PODS_ROOT}/../Podfile.lock\" \"${PODS_ROOT}/Manifest.lock\" > /dev/null\nif [[ $? != 0 ]] ; then\n    cat << EOM\nerror: The sandbox is not in sync with the Podfile.lock. Run 'pod install' or update your CocoaPods installation.\nEOM\n    exit 1\nfi\n";
			showEnvVarsInLog = 0;
		};
		FE2DC7973EBB54765DCEC2D0 /* Copy Pods Resources */ = {
			isa = PBXShellScriptBuildPhase;
			buildActionMask = 2147483647;
			files = (
			);
			inputPaths = (
			);
			name = "Copy Pods Resources";
			outputPaths = (
			);
			runOnlyForDeploymentPostprocessing = 0;
			shellPath = /bin/sh;
			shellScript = "\"${SRCROOT}/Pods/Target Support Files/Pods/Pods-resources.sh\"\n";
			showEnvVarsInLog = 0;
		};
/* End PBXShellScriptBuildPhase section */

/* Begin PBXSourcesBuildPhase section */
		55F8C8C71CE2D4A8009D18D6 /* Sources */ = {
			isa = PBXSourcesBuildPhase;
			buildActionMask = 2147483647;
			files = (
				55F8C8EB1CE2D571009D18D6 /* CalabashView.m in Sources */,
				55F8C8D61CE2D4A8009D18D6 /* ViewController.m in Sources */,
				55F8C8D31CE2D4A8009D18D6 /* AppDelegate.m in Sources */,
				55F8C8D01CE2D4A8009D18D6 /* main.m in Sources */,
				55F8C8EA1CE2D571009D18D6 /* CalabashBtn.m in Sources */,
			);
			runOnlyForDeploymentPostprocessing = 0;
		};
/* End PBXSourcesBuildPhase section */

/* Begin PBXVariantGroup section */
		55F8C8D71CE2D4A8009D18D6 /* Main.storyboard */ = {
			isa = PBXVariantGroup;
			children = (
				55F8C8D81CE2D4A8009D18D6 /* Base */,
			);
			name = Main.storyboard;
			sourceTree = "<group>";
		};
		55F8C8DC1CE2D4A8009D18D6 /* LaunchScreen.storyboard */ = {
			isa = PBXVariantGroup;
			children = (
				55F8C8DD1CE2D4A8009D18D6 /* Base */,
			);
			name = LaunchScreen.storyboard;
			sourceTree = "<group>";
		};
/* End PBXVariantGroup section */

/* Begin XCBuildConfiguration section */
		55F8C8E01CE2D4A8009D18D6 /* Debug */ = {
			isa = XCBuildConfiguration;
			buildSettings = {
				ALWAYS_SEARCH_USER_PATHS = NO;
				CLANG_CXX_LANGUAGE_STANDARD = "gnu++0x";
				CLANG_CXX_LIBRARY = "libc++";
				CLANG_ENABLE_MODULES = YES;
				CLANG_ENABLE_OBJC_ARC = YES;
				CLANG_WARN_BOOL_CONVERSION = YES;
				CLANG_WARN_CONSTANT_CONVERSION = YES;
				CLANG_WARN_DIRECT_OBJC_ISA_USAGE = YES_ERROR;
				CLANG_WARN_EMPTY_BODY = YES;
				CLANG_WARN_ENUM_CONVERSION = YES;
				CLANG_WARN_INT_CONVERSION = YES;
				CLANG_WARN_OBJC_ROOT_CLASS = YES_ERROR;
				CLANG_WARN_UNREACHABLE_CODE = YES;
				CLANG_WARN__DUPLICATE_METHOD_MATCH = YES;
				"CODE_SIGN_IDENTITY[sdk=iphoneos*]" = "iPhone Developer";
				COPY_PHASE_STRIP = NO;
				DEBUG_INFORMATION_FORMAT = dwarf;
				ENABLE_STRICT_OBJC_MSGSEND = YES;
				ENABLE_TESTABILITY = YES;
				GCC_C_LANGUAGE_STANDARD = gnu99;
				GCC_DYNAMIC_NO_PIC = NO;
				GCC_NO_COMMON_BLOCKS = YES;
				GCC_OPTIMIZATION_LEVEL = 0;
				GCC_PREPROCESSOR_DEFINITIONS = (
					"DEBUG=1",
					"$(inherited)",
				);
				GCC_WARN_64_TO_32_BIT_CONVERSION = YES;
				GCC_WARN_ABOUT_RETURN_TYPE = YES_ERROR;
				GCC_WARN_UNDECLARED_SELECTOR = YES;
				GCC_WARN_UNINITIALIZED_AUTOS = YES_AGGRESSIVE;
				GCC_WARN_UNUSED_FUNCTION = YES;
				GCC_WARN_UNUSED_VARIABLE = YES;
				IPHONEOS_DEPLOYMENT_TARGET = 9.2;
				MTL_ENABLE_DEBUG_INFO = YES;
				ONLY_ACTIVE_ARCH = YES;
				SDKROOT = iphoneos;
				TARGETED_DEVICE_FAMILY = "1,2";
			};
			name = Debug;
		};
		55F8C8E11CE2D4A8009D18D6 /* Release */ = {
			isa = XCBuildConfiguration;
			buildSettings = {
				ALWAYS_SEARCH_USER_PATHS = NO;
				CLANG_CXX_LANGUAGE_STANDARD = "gnu++0x";
				CLANG_CXX_LIBRARY = "libc++";
				CLANG_ENABLE_MODULES = YES;
				CLANG_ENABLE_OBJC_ARC = YES;
				CLANG_WARN_BOOL_CONVERSION = YES;
				CLANG_WARN_CONSTANT_CONVERSION = YES;
				CLANG_WARN_DIRECT_OBJC_ISA_USAGE = YES_ERROR;
				CLANG_WARN_EMPTY_BODY = YES;
				CLANG_WARN_ENUM_CONVERSION = YES;
				CLANG_WARN_INT_CONVERSION = YES;
				CLANG_WARN_OBJC_ROOT_CLASS = YES_ERROR;
				CLANG_WARN_UNREACHABLE_CODE = YES;
				CLANG_WARN__DUPLICATE_METHOD_MATCH = YES;
				"CODE_SIGN_IDENTITY[sdk=iphoneos*]" = "iPhone Developer";
				COPY_PHASE_STRIP = NO;
				DEBUG_INFORMATION_FORMAT = "dwarf-with-dsym";
				ENABLE_NS_ASSERTIONS = NO;
				ENABLE_STRICT_OBJC_MSGSEND = YES;
				GCC_C_LANGUAGE_STANDARD = gnu99;
				GCC_NO_COMMON_BLOCKS = YES;
				GCC_WARN_64_TO_32_BIT_CONVERSION = YES;
				GCC_WARN_ABOUT_RETURN_TYPE = YES_ERROR;
				GCC_WARN_UNDECLARED_SELECTOR = YES;
				GCC_WARN_UNINITIALIZED_AUTOS = YES_AGGRESSIVE;
				GCC_WARN_UNUSED_FUNCTION = YES;
				GCC_WARN_UNUSED_VARIABLE = YES;
				IPHONEOS_DEPLOYMENT_TARGET = 9.2;
				MTL_ENABLE_DEBUG_INFO = NO;
				SDKROOT = iphoneos;
				TARGETED_DEVICE_FAMILY = "1,2";
				VALIDATE_PRODUCT = YES;
			};
			name = Release;
		};
		55F8C8E31CE2D4A8009D18D6 /* Debug */ = {
			isa = XCBuildConfiguration;
			baseConfigurationReference = D90D20651F6B423DD58F9C5B /* Pods.debug.xcconfig */;
			buildSettings = {
				ASSETCATALOG_COMPILER_APPICON_NAME = AppIcon;
				INFOPLIST_FILE = CalabashView/Info.plist;
				LD_RUNPATH_SEARCH_PATHS = "$(inherited) @executable_path/Frameworks";
				PRODUCT_BUNDLE_IDENTIFIER = com.forlink.CalabashView;
				PRODUCT_NAME = "$(TARGET_NAME)";
			};
			name = Debug;
		};
		55F8C8E41CE2D4A8009D18D6 /* Release */ = {
			isa = XCBuildConfiguration;
			baseConfigurationReference = C1CF04B46DC1CB88F490309D /* Pods.release.xcconfig */;
			buildSettings = {
				ASSETCATALOG_COMPILER_APPICON_NAME = AppIcon;
				INFOPLIST_FILE = CalabashView/Info.plist;
				LD_RUNPATH_SEARCH_PATHS = "$(inherited) @executable_path/Frameworks";
				PRODUCT_BUNDLE_IDENTIFIER = com.forlink.CalabashView;
				PRODUCT_NAME = "$(TARGET_NAME)";
			};
			name = Release;
		};
/* End XCBuildConfiguration section */

/* Begin XCConfigurationList section */
		55F8C8C61CE2D4A8009D18D6 /* Build configuration list for PBXProject "CalabashView" */ = {
			isa = XCConfigurationList;
			buildConfigurations = (
				55F8C8E01CE2D4A8009D18D6 /* Debug */,
				55F8C8E11CE2D4A8009D18D6 /* Release */,
			);
			defaultConfigurationIsVisible = 0;
			defaultConfigurationName = Release;
		};
		55F8C8E21CE2D4A8009D18D6 /* Build configuration list for PBXNativeTarget "CalabashView" */ = {
			isa = XCConfigurationList;
			buildConfigurations = (
				55F8C8E31CE2D4A8009D18D6 /* Debug */,
				55F8C8E41CE2D4A8009D18D6 /* Release */,
			);
			defaultConfigurationIsVisible = 0;
			defaultConfigurationName = Release;
		};
/* End XCConfigurationList section */
	};
	rootObject = 55F8C8C31CE2D4A8009D18D6 /* Project object */;
}
